{
  "version": 4,
  "terraform_version": "1.6.2",
  "serial": 75,
  "lineage": "483cbcfe-eabc-c9e1-09bf-c26f3b31e359",
  "outputs": {},
  "resources": [
    {
      "mode": "managed",
      "type": "azurerm_app_service_plan",
      "name": "example15",
      "provider": "provider[\"registry.terraform.io/hashicorp/azurerm\"]",
      "instances": [
        {
          "schema_version": 0,
          "attributes": {
            "app_service_environment_id": "",
            "id": "/subscriptions/882939ed-a914-4c3c-8161-a98856cc86f2/resourceGroups/azure-functions-test-rg/providers/Microsoft.Web/serverfarms/azure-functions-test-service-plan",
            "is_xenon": false,
            "kind": "Windows",
            "location": "westeurope",
            "maximum_elastic_worker_count": 1,
            "maximum_number_of_workers": 10,
            "name": "azure-functions-test-service-plan",
            "per_site_scaling": false,
            "reserved": false,
            "resource_group_name": "azure-functions-test-rg",
            "sku": [
              {
                "capacity": 1,
                "size": "S1",
                "tier": "Standard"
              }
            ],
            "tags": {},
            "timeouts": null,
            "zone_redundant": false
          },
          "sensitive_attributes": [],
          "private": "eyJlMmJmYjczMC1lY2FhLTExZTYtOGY4OC0zNDM2M2JjN2M0YzAiOnsiY3JlYXRlIjozNjAwMDAwMDAwMDAwLCJkZWxldGUiOjM2MDAwMDAwMDAwMDAsInJlYWQiOjMwMDAwMDAwMDAwMCwidXBkYXRlIjozNjAwMDAwMDAwMDAwfX0=",
          "dependencies": [
            "azurerm_resource_group.example12"
          ]
        }
      ]
    },
    {
      "mode": "managed",
      "type": "azurerm_function_app",
      "name": "example14",
      "provider": "provider[\"registry.terraform.io/hashicorp/azurerm\"]",
      "instances": [
        {
          "schema_version": 0,
          "attributes": {
            "app_service_plan_id": "/subscriptions/882939ed-a914-4c3c-8161-a98856cc86f2/resourceGroups/azure-functions-test-rg/providers/Microsoft.Web/serverfarms/azure-functions-test-service-plan",
            "app_settings": {},
            "auth_settings": [
              {
                "active_directory": [],
                "additional_login_params": {},
                "allowed_external_redirect_urls": [],
                "default_provider": "",
                "enabled": false,
                "facebook": [],
                "google": [],
                "issuer": "",
                "microsoft": [],
                "runtime_version": "",
                "token_refresh_extension_hours": 0,
                "token_store_enabled": false,
                "twitter": [],
                "unauthenticated_client_action": ""
              }
            ],
            "client_cert_mode": "",
            "connection_string": [],
            "custom_domain_verification_id": "DFA6C2328F48064AFBDF0772430DC6EEA91D69AF98DD5CF146B58995D702F55B",
            "daily_memory_time_quota": 0,
            "default_hostname": "test-azure-function123.azurewebsites.net",
            "enable_builtin_logging": true,
            "enabled": true,
            "https_only": false,
            "id": "/subscriptions/882939ed-a914-4c3c-8161-a98856cc86f2/resourceGroups/azure-functions-test-rg/providers/Microsoft.Web/sites/test-azure-function123",
            "identity": [],
            "key_vault_reference_identity_id": "SystemAssigned",
            "kind": "functionapp",
            "location": "westeurope",
            "name": "test-azure-function123",
            "os_type": "",
            "outbound_ip_addresses": "20.71.0.115,20.71.1.29,20.71.1.195,20.71.2.155,20.71.6.141,20.73.32.245,20.105.224.20",
            "possible_outbound_ip_addresses": "20.71.0.115,20.71.1.29,20.71.1.195,20.71.2.155,20.71.6.141,20.73.32.245,20.73.35.193,20.73.36.123,20.73.38.232,20.73.193.1,20.73.193.63,20.73.193.249,20.73.194.31,20.73.195.111,20.73.196.147,20.73.196.222,20.73.196.236,20.73.197.25,20.73.197.47,20.73.197.60,20.73.197.89,20.73.197.106,20.73.197.177,20.73.198.215,20.73.198.248,20.73.199.12,20.73.199.58,20.73.199.84,20.73.199.91,20.73.199.106,20.105.224.20",
            "resource_group_name": "azure-functions-test-rg",
            "site_config": [
              {
                "always_on": false,
                "app_scale_limit": 0,
                "auto_swap_slot_name": "",
                "cors": [],
                "dotnet_framework_version": "v4.0",
                "elastic_instance_minimum": 0,
                "ftps_state": "FtpsOnly",
                "health_check_path": "",
                "http2_enabled": false,
                "ip_restriction": [],
                "java_version": "",
                "linux_fx_version": "",
                "min_tls_version": "1.2",
                "pre_warmed_instance_count": 0,
                "runtime_scale_monitoring_enabled": false,
                "scm_ip_restriction": [],
                "scm_type": "None",
                "scm_use_main_ip_restriction": false,
                "use_32_bit_worker_process": true,
                "vnet_route_all_enabled": false,
                "websockets_enabled": false
              }
            ],
            "site_credential": [
              {
                "password": "dAjGkYrlLGEdGYGw2b6WRy7Sqc4G8KfnioheG8piiWK8dRNx5Zpc97jsX1w9",
                "username": "$test-azure-function123"
              }
            ],
            "source_control": [
              {
                "branch": "main",
                "manual_integration": false,
                "repo_url": "",
                "rollback_enabled": false,
                "use_mercurial": false
              }
            ],
            "storage_account_access_key": "D/uya9tA6zPess3UY1wwndix+FO5Q1FiXrWE5wLJg6hNRmfHGpqfz/IsfP5tPbHh/JXVnyA3BWvd+AStABNswQ==",
            "storage_account_name": "functionsapptestsa12",
            "tags": {},
            "timeouts": null,
            "version": "~1"
          },
          "sensitive_attributes": [
            [
              {
                "type": "get_attr",
                "value": "storage_account_access_key"
              }
            ]
          ],
          "private": "eyJlMmJmYjczMC1lY2FhLTExZTYtOGY4OC0zNDM2M2JjN2M0YzAiOnsiY3JlYXRlIjoxODAwMDAwMDAwMDAwLCJkZWxldGUiOjE4MDAwMDAwMDAwMDAsInJlYWQiOjMwMDAwMDAwMDAwMCwidXBkYXRlIjoxODAwMDAwMDAwMDAwfX0=",
          "dependencies": [
            "azurerm_app_service_plan.example15",
            "azurerm_resource_group.example12",
            "azurerm_storage_account.example13"
          ]
        }
      ]
    },
    {
      "mode": "managed",
      "type": "azurerm_function_app_slot",
      "name": "dev1234",
      "provider": "provider[\"registry.terraform.io/hashicorp/azurerm\"]",
      "instances": [
        {
          "schema_version": 0,
          "attributes": {
            "app_service_plan_id": "/subscriptions/882939ed-a914-4c3c-8161-a98856cc86f2/resourceGroups/azure-functions-test-rg/providers/Microsoft.Web/serverfarms/azure-functions-test-service-plan",
            "app_settings": {},
            "auth_settings": [
              {
                "active_directory": [],
                "additional_login_params": {},
                "allowed_external_redirect_urls": [],
                "default_provider": "",
                "enabled": false,
                "facebook": [],
                "google": [],
                "issuer": "",
                "microsoft": [],
                "runtime_version": "",
                "token_refresh_extension_hours": 0,
                "token_store_enabled": false,
                "twitter": [],
                "unauthenticated_client_action": ""
              }
            ],
            "connection_string": [],
            "daily_memory_time_quota": 0,
            "default_hostname": "test-azure-function123-test12321.azurewebsites.net",
            "enable_builtin_logging": true,
            "enabled": true,
            "function_app_name": "test-azure-function123",
            "https_only": false,
            "id": "/subscriptions/882939ed-a914-4c3c-8161-a98856cc86f2/resourceGroups/azure-functions-test-rg/providers/Microsoft.Web/sites/test-azure-function123/slots/test12321",
            "identity": [],
            "kind": "functionapp",
            "location": "westeurope",
            "name": "test12321",
            "os_type": "",
            "outbound_ip_addresses": "20.71.0.115,20.71.1.29,20.71.1.195,20.71.2.155,20.71.6.141,20.73.32.245,20.105.224.20",
            "possible_outbound_ip_addresses": "20.71.0.115,20.71.1.29,20.71.1.195,20.71.2.155,20.71.6.141,20.73.32.245,20.73.35.193,20.73.36.123,20.73.38.232,20.73.193.1,20.73.193.63,20.73.193.249,20.73.194.31,20.73.195.111,20.73.196.147,20.73.196.222,20.73.196.236,20.73.197.25,20.73.197.47,20.73.197.60,20.73.197.89,20.73.197.106,20.73.197.177,20.73.198.215,20.73.198.248,20.73.199.12,20.73.199.58,20.73.199.84,20.73.199.91,20.73.199.106,20.105.224.20",
            "resource_group_name": "azure-functions-test-rg",
            "site_config": [
              {
                "always_on": false,
                "app_scale_limit": 0,
                "auto_swap_slot_name": "",
                "cors": [],
                "dotnet_framework_version": "v4.0",
                "elastic_instance_minimum": 0,
                "ftps_state": "FtpsOnly",
                "health_check_path": "",
                "http2_enabled": false,
                "ip_restriction": [],
                "java_version": "",
                "linux_fx_version": "",
                "min_tls_version": "1.2",
                "pre_warmed_instance_count": 0,
                "runtime_scale_monitoring_enabled": false,
                "scm_ip_restriction": [],
                "scm_type": "None",
                "scm_use_main_ip_restriction": false,
                "use_32_bit_worker_process": true,
                "vnet_route_all_enabled": false,
                "websockets_enabled": false
              }
            ],
            "site_credential": [
              {
                "password": "s1pe9lyzpH81igHiNKsddXbkmwFLeh8cWiPpuF6JXaduH4SB5rwfHhBkpjDs",
                "username": "$test-azure-function123__test12321"
              }
            ],
            "storage_account_access_key": "D/uya9tA6zPess3UY1wwndix+FO5Q1FiXrWE5wLJg6hNRmfHGpqfz/IsfP5tPbHh/JXVnyA3BWvd+AStABNswQ==",
            "storage_account_name": "functionsapptestsa12",
            "tags": {},
            "timeouts": null,
            "version": "~1"
          },
          "sensitive_attributes": [
            [
              {
                "type": "get_attr",
                "value": "storage_account_access_key"
              }
            ]
          ],
          "private": "eyJlMmJmYjczMC1lY2FhLTExZTYtOGY4OC0zNDM2M2JjN2M0YzAiOnsiY3JlYXRlIjoxODAwMDAwMDAwMDAwLCJkZWxldGUiOjE4MDAwMDAwMDAwMDAsInJlYWQiOjMwMDAwMDAwMDAwMCwidXBkYXRlIjoxODAwMDAwMDAwMDAwfX0=",
          "dependencies": [
            "azurerm_app_service_plan.example15",
            "azurerm_function_app.example14",
            "azurerm_resource_group.example12",
            "azurerm_storage_account.example13"
          ]
        }
      ]
    },
    {
      "mode": "managed",
      "type": "azurerm_resource_group",
      "name": "example12",
      "provider": "provider[\"registry.terraform.io/hashicorp/azurerm\"]",
      "instances": [
        {
          "schema_version": 0,
          "attributes": {
            "id": "/subscriptions/882939ed-a914-4c3c-8161-a98856cc86f2/resourceGroups/azure-functions-test-rg",
            "location": "westeurope",
            "name": "azure-functions-test-rg",
            "tags": {},
            "timeouts": null
          },
          "sensitive_attributes": [],
          "private": "eyJlMmJmYjczMC1lY2FhLTExZTYtOGY4OC0zNDM2M2JjN2M0YzAiOnsiY3JlYXRlIjo1NDAwMDAwMDAwMDAwLCJkZWxldGUiOjU0MDAwMDAwMDAwMDAsInJlYWQiOjMwMDAwMDAwMDAwMCwidXBkYXRlIjo1NDAwMDAwMDAwMDAwfX0="
        }
      ]
    },
    {
      "mode": "managed",
      "type": "azurerm_storage_account",
      "name": "example13",
      "provider": "provider[\"registry.terraform.io/hashicorp/azurerm\"]",
      "instances": [
        {
          "schema_version": 3,
          "attributes": {
            "access_tier": "Hot",
            "account_kind": "StorageV2",
            "account_replication_type": "LRS",
            "account_tier": "Standard",
            "allow_nested_items_to_be_public": true,
            "azure_files_authentication": [],
            "blob_properties": [
              {
                "change_feed_enabled": false,
                "container_delete_retention_policy": [],
                "cors_rule": [],
                "default_service_version": "",
                "delete_retention_policy": [],
                "last_access_time_enabled": false,
                "versioning_enabled": false
              }
            ],
            "custom_domain": [],
            "customer_managed_key": [],
            "edge_zone": "",
            "enable_https_traffic_only": true,
            "id": "/subscriptions/882939ed-a914-4c3c-8161-a98856cc86f2/resourceGroups/azure-functions-test-rg/providers/Microsoft.Storage/storageAccounts/functionsapptestsa12",
            "identity": [],
            "infrastructure_encryption_enabled": false,
            "is_hns_enabled": false,
            "large_file_share_enabled": null,
            "location": "westeurope",
            "min_tls_version": "TLS1_2",
            "name": "functionsapptestsa12",
            "network_rules": [
              {
                "bypass": [
                  "AzureServices"
                ],
                "default_action": "Allow",
                "ip_rules": [],
                "private_link_access": [],
                "virtual_network_subnet_ids": []
              }
            ],
            "nfsv3_enabled": false,
            "primary_access_key": "D/uya9tA6zPess3UY1wwndix+FO5Q1FiXrWE5wLJg6hNRmfHGpqfz/IsfP5tPbHh/JXVnyA3BWvd+AStABNswQ==",
            "primary_blob_connection_string": "DefaultEndpointsProtocol=https;BlobEndpoint=https://functionsapptestsa12.blob.core.windows.net/;AccountName=functionsapptestsa12;AccountKey=D/uya9tA6zPess3UY1wwndix+FO5Q1FiXrWE5wLJg6hNRmfHGpqfz/IsfP5tPbHh/JXVnyA3BWvd+AStABNswQ==",
            "primary_blob_endpoint": "https://functionsapptestsa12.blob.core.windows.net/",
            "primary_blob_host": "functionsapptestsa12.blob.core.windows.net",
            "primary_connection_string": "DefaultEndpointsProtocol=https;AccountName=functionsapptestsa12;AccountKey=D/uya9tA6zPess3UY1wwndix+FO5Q1FiXrWE5wLJg6hNRmfHGpqfz/IsfP5tPbHh/JXVnyA3BWvd+AStABNswQ==;EndpointSuffix=core.windows.net",
            "primary_dfs_endpoint": "https://functionsapptestsa12.dfs.core.windows.net/",
            "primary_dfs_host": "functionsapptestsa12.dfs.core.windows.net",
            "primary_file_endpoint": "https://functionsapptestsa12.file.core.windows.net/",
            "primary_file_host": "functionsapptestsa12.file.core.windows.net",
            "primary_location": "westeurope",
            "primary_queue_endpoint": "https://functionsapptestsa12.queue.core.windows.net/",
            "primary_queue_host": "functionsapptestsa12.queue.core.windows.net",
            "primary_table_endpoint": "https://functionsapptestsa12.table.core.windows.net/",
            "primary_table_host": "functionsapptestsa12.table.core.windows.net",
            "primary_web_endpoint": "https://functionsapptestsa12.z6.web.core.windows.net/",
            "primary_web_host": "functionsapptestsa12.z6.web.core.windows.net",
            "queue_encryption_key_type": "Service",
            "queue_properties": [
              {
                "cors_rule": [],
                "hour_metrics": [
                  {
                    "enabled": true,
                    "include_apis": true,
                    "retention_policy_days": 7,
                    "version": "1.0"
                  }
                ],
                "logging": [
                  {
                    "delete": false,
                    "read": false,
                    "retention_policy_days": 0,
                    "version": "1.0",
                    "write": false
                  }
                ],
                "minute_metrics": [
                  {
                    "enabled": false,
                    "include_apis": false,
                    "retention_policy_days": 0,
                    "version": "1.0"
                  }
                ]
              }
            ],
            "resource_group_name": "azure-functions-test-rg",
            "routing": [],
            "secondary_access_key": "UPWnCSzmIFUlx9bcQYneHDTn2/9zsY3AnT2ERIffNlSa0BtAH5CF3Ap0yIM9SkYsVbOMrkhqjMKG+AStn40vPg==",
            "secondary_blob_connection_string": "",
            "secondary_blob_endpoint": null,
            "secondary_blob_host": null,
            "secondary_connection_string": "DefaultEndpointsProtocol=https;AccountName=functionsapptestsa12;AccountKey=UPWnCSzmIFUlx9bcQYneHDTn2/9zsY3AnT2ERIffNlSa0BtAH5CF3Ap0yIM9SkYsVbOMrkhqjMKG+AStn40vPg==;EndpointSuffix=core.windows.net",
            "secondary_dfs_endpoint": null,
            "secondary_dfs_host": null,
            "secondary_file_endpoint": null,
            "secondary_file_host": null,
            "secondary_location": "",
            "secondary_queue_endpoint": null,
            "secondary_queue_host": null,
            "secondary_table_endpoint": null,
            "secondary_table_host": null,
            "secondary_web_endpoint": null,
            "secondary_web_host": null,
            "share_properties": [
              {
                "cors_rule": [],
                "retention_policy": [
                  {
                    "days": 7
                  }
                ],
                "smb": []
              }
            ],
            "shared_access_key_enabled": true,
            "static_website": [],
            "table_encryption_key_type": "Service",
            "tags": {},
            "timeouts": null
          },
          "sensitive_attributes": [],
          "private": "eyJlMmJmYjczMC1lY2FhLTExZTYtOGY4OC0zNDM2M2JjN2M0YzAiOnsiY3JlYXRlIjozNjAwMDAwMDAwMDAwLCJkZWxldGUiOjM2MDAwMDAwMDAwMDAsInJlYWQiOjMwMDAwMDAwMDAwMCwidXBkYXRlIjozNjAwMDAwMDAwMDAwfSwic2NoZW1hX3ZlcnNpb24iOiIzIn0=",
          "dependencies": [
            "azurerm_resource_group.example12"
          ]
        }
      ]
    }
  ],
  "check_results": null
}
